
Microsoft Visual Studio Solution File, Format Version 12.00
# Visual Studio Version 17
VisualStudioVersion = 17.7.34018.315
MinimumVisualStudioVersion = 10.0.40219.1
Project("{9A19103F-16F7-4668-BE54-9A1E7A4F7556}") = "LIN.Communication", "LIN.Communication\LIN.Communication.csproj", "{1109CBEC-10A5-4E58-A9D5-2DF7F1445348}"
EndProject
Project("{9A19103F-16F7-4668-BE54-9A1E7A4F7556}") = "LIN.Types.Communication", "..\..\Tipos\LIN.Types.Communication\LIN.Types.Communication.csproj", "{60FF4A90-1F72-4B85-9316-07FA233A3BC1}"
EndProject
Project("{9A19103F-16F7-4668-BE54-9A1E7A4F7556}") = "LIN.Modules", "..\..\Tipos\LIN.Modules\LIN.Modules.csproj", "{11DF1ED8-A0B5-4BE0-83A5-F2047DBFEA90}"
EndProject
Project("{9A19103F-16F7-4668-BE54-9A1E7A4F7556}") = "Http", "..\..\Tipos\Http\Http.csproj", "{1F979A8D-3180-469C-9AAA-D2934C2608A4}"
EndProject
Project("{9A19103F-16F7-4668-BE54-9A1E7A4F7556}") = "LIN.Types", "..\..\Tipos\LIN.Types\LIN.Types.csproj", "{C4530DA2-6812-4F26-8039-1EA6D8AAB75F}"
EndProject
Project("{9A19103F-16F7-4668-BE54-9A1E7A4F7556}") = "LIN.Access.Auth", "..\..\AccesoAPI\LIN.Access.Auth\LIN.Access.Auth.csproj", "{51FEF17A-85BE-4B56-AF25-DC7980C2D7E2}"
EndProject
Project("{9A19103F-16F7-4668-BE54-9A1E7A4F7556}") = "LIN.Access.OpenIA", "..\..\AccesoAPI\LIN.Access.OpenIA\LIN.Access.OpenIA.csproj", "{FDB6C380-F4B0-421D-9BDF-DEF7C3917285}"
EndProject
Project("{9A19103F-16F7-4668-BE54-9A1E7A4F7556}") = "LIN.Types.Emma", "..\..\Tipos\LIN.Types.Emma\LIN.Types.Emma.csproj", "{2E3E4130-E54C-46D7-B77C-CA9D2768BE71}"
EndProject
Project("{9A19103F-16F7-4668-BE54-9A1E7A4F7556}") = "LIN.Types.Identity", "..\..\Tipos\LIN.Types.Identity\LIN.Types.Identity\LIN.Types.Identity.csproj", "{48926FF2-7ED7-4E79-B17C-2634A36604E6}"
EndProject
Global
	GlobalSection(SolutionConfigurationPlatforms) = preSolution
		Debug|Any CPU = Debug|Any CPU
		Debug|x86 = Debug|x86
		Release|Any CPU = Release|Any CPU
		Release|x86 = Release|x86
	EndGlobalSection
	GlobalSection(ProjectConfigurationPlatforms) = postSolution
		{1109CBEC-10A5-4E58-A9D5-2DF7F1445348}.Debug|Any CPU.ActiveCfg = Debug|Any CPU
		{1109CBEC-10A5-4E58-A9D5-2DF7F1445348}.Debug|Any CPU.Build.0 = Debug|Any CPU
		{1109CBEC-10A5-4E58-A9D5-2DF7F1445348}.Debug|x86.ActiveCfg = Debug|Any CPU
		{1109CBEC-10A5-4E58-A9D5-2DF7F1445348}.Debug|x86.Build.0 = Debug|Any CPU
		{1109CBEC-10A5-4E58-A9D5-2DF7F1445348}.Release|Any CPU.ActiveCfg = Release|Any CPU
		{1109CBEC-10A5-4E58-A9D5-2DF7F1445348}.Release|Any CPU.Build.0 = Release|Any CPU
		{1109CBEC-10A5-4E58-A9D5-2DF7F1445348}.Release|x86.ActiveCfg = Release|Any CPU
		{1109CBEC-10A5-4E58-A9D5-2DF7F1445348}.Release|x86.Build.0 = Release|Any CPU
		{60FF4A90-1F72-4B85-9316-07FA233A3BC1}.Debug|Any CPU.ActiveCfg = Debug|Any CPU
		{60FF4A90-1F72-4B85-9316-07FA233A3BC1}.Debug|Any CPU.Build.0 = Debug|Any CPU
		{60FF4A90-1F72-4B85-9316-07FA233A3BC1}.Debug|x86.ActiveCfg = Debug|Any CPU
		{60FF4A90-1F72-4B85-9316-07FA233A3BC1}.Debug|x86.Build.0 = Debug|Any CPU
		{60FF4A90-1F72-4B85-9316-07FA233A3BC1}.Release|Any CPU.ActiveCfg = Release|Any CPU
		{60FF4A90-1F72-4B85-9316-07FA233A3BC1}.Release|Any CPU.Build.0 = Release|Any CPU
		{60FF4A90-1F72-4B85-9316-07FA233A3BC1}.Release|x86.ActiveCfg = Release|Any CPU
		{60FF4A90-1F72-4B85-9316-07FA233A3BC1}.Release|x86.Build.0 = Release|Any CPU
		{11DF1ED8-A0B5-4BE0-83A5-F2047DBFEA90}.Debug|Any CPU.ActiveCfg = Debug|Any CPU
		{11DF1ED8-A0B5-4BE0-83A5-F2047DBFEA90}.Debug|Any CPU.Build.0 = Debug|Any CPU
		{11DF1ED8-A0B5-4BE0-83A5-F2047DBFEA90}.Debug|x86.ActiveCfg = Debug|Any CPU
		{11DF1ED8-A0B5-4BE0-83A5-F2047DBFEA90}.Debug|x86.Build.0 = Debug|Any CPU
		{11DF1ED8-A0B5-4BE0-83A5-F2047DBFEA90}.Release|Any CPU.ActiveCfg = Release|Any CPU
		{11DF1ED8-A0B5-4BE0-83A5-F2047DBFEA90}.Release|Any CPU.Build.0 = Release|Any CPU
		{11DF1ED8-A0B5-4BE0-83A5-F2047DBFEA90}.Release|x86.ActiveCfg = Release|Any CPU
		{11DF1ED8-A0B5-4BE0-83A5-F2047DBFEA90}.Release|x86.Build.0 = Release|Any CPU
		{1F979A8D-3180-469C-9AAA-D2934C2608A4}.Debug|Any CPU.ActiveCfg = Debug|Any CPU
		{1F979A8D-3180-469C-9AAA-D2934C2608A4}.Debug|Any CPU.Build.0 = Debug|Any CPU
		{1F979A8D-3180-469C-9AAA-D2934C2608A4}.Debug|x86.ActiveCfg = Debug|x86
		{1F979A8D-3180-469C-9AAA-D2934C2608A4}.Debug|x86.Build.0 = Debug|x86
		{1F979A8D-3180-469C-9AAA-D2934C2608A4}.Release|Any CPU.ActiveCfg = Release|Any CPU
		{1F979A8D-3180-469C-9AAA-D2934C2608A4}.Release|Any CPU.Build.0 = Release|Any CPU
		{1F979A8D-3180-469C-9AAA-D2934C2608A4}.Release|x86.ActiveCfg = Release|x86
		{1F979A8D-3180-469C-9AAA-D2934C2608A4}.Release|x86.Build.0 = Release|x86
		{C4530DA2-6812-4F26-8039-1EA6D8AAB75F}.Debug|Any CPU.ActiveCfg = Debug|Any CPU
		{C4530DA2-6812-4F26-8039-1EA6D8AAB75F}.Debug|Any CPU.Build.0 = Debug|Any CPU
		{C4530DA2-6812-4F26-8039-1EA6D8AAB75F}.Debug|x86.ActiveCfg = Debug|Any CPU
		{C4530DA2-6812-4F26-8039-1EA6D8AAB75F}.Debug|x86.Build.0 = Debug|Any CPU
		{C4530DA2-6812-4F26-8039-1EA6D8AAB75F}.Release|Any CPU.ActiveCfg = Release|Any CPU
		{C4530DA2-6812-4F26-8039-1EA6D8AAB75F}.Release|Any CPU.Build.0 = Release|Any CPU
		{C4530DA2-6812-4F26-8039-1EA6D8AAB75F}.Release|x86.ActiveCfg = Release|Any CPU
		{C4530DA2-6812-4F26-8039-1EA6D8AAB75F}.Release|x86.Build.0 = Release|Any CPU
		{51FEF17A-85BE-4B56-AF25-DC7980C2D7E2}.Debug|Any CPU.ActiveCfg = Debug|Any CPU
		{51FEF17A-85BE-4B56-AF25-DC7980C2D7E2}.Debug|Any CPU.Build.0 = Debug|Any CPU
		{51FEF17A-85BE-4B56-AF25-DC7980C2D7E2}.Debug|x86.ActiveCfg = Debug|Any CPU
		{51FEF17A-85BE-4B56-AF25-DC7980C2D7E2}.Debug|x86.Build.0 = Debug|Any CPU
		{51FEF17A-85BE-4B56-AF25-DC7980C2D7E2}.Release|Any CPU.ActiveCfg = Release|Any CPU
		{51FEF17A-85BE-4B56-AF25-DC7980C2D7E2}.Release|Any CPU.Build.0 = Release|Any CPU
		{51FEF17A-85BE-4B56-AF25-DC7980C2D7E2}.Release|x86.ActiveCfg = Release|Any CPU
		{51FEF17A-85BE-4B56-AF25-DC7980C2D7E2}.Release|x86.Build.0 = Release|Any CPU
		{FDB6C380-F4B0-421D-9BDF-DEF7C3917285}.Debug|Any CPU.ActiveCfg = Debug|Any CPU
		{FDB6C380-F4B0-421D-9BDF-DEF7C3917285}.Debug|Any CPU.Build.0 = Debug|Any CPU
		{FDB6C380-F4B0-421D-9BDF-DEF7C3917285}.Debug|x86.ActiveCfg = Debug|Any CPU
		{FDB6C380-F4B0-421D-9BDF-DEF7C3917285}.Debug|x86.Build.0 = Debug|Any CPU
		{FDB6C380-F4B0-421D-9BDF-DEF7C3917285}.Release|Any CPU.ActiveCfg = Release|Any CPU
		{FDB6C380-F4B0-421D-9BDF-DEF7C3917285}.Release|Any CPU.Build.0 = Release|Any CPU
		{FDB6C380-F4B0-421D-9BDF-DEF7C3917285}.Release|x86.ActiveCfg = Release|Any CPU
		{FDB6C380-F4B0-421D-9BDF-DEF7C3917285}.Release|x86.Build.0 = Release|Any CPU
		{2E3E4130-E54C-46D7-B77C-CA9D2768BE71}.Debug|Any CPU.ActiveCfg = Debug|Any CPU
		{2E3E4130-E54C-46D7-B77C-CA9D2768BE71}.Debug|Any CPU.Build.0 = Debug|Any CPU
		{2E3E4130-E54C-46D7-B77C-CA9D2768BE71}.Debug|x86.ActiveCfg = Debug|Any CPU
		{2E3E4130-E54C-46D7-B77C-CA9D2768BE71}.Debug|x86.Build.0 = Debug|Any CPU
		{2E3E4130-E54C-46D7-B77C-CA9D2768BE71}.Release|Any CPU.ActiveCfg = Release|Any CPU
		{2E3E4130-E54C-46D7-B77C-CA9D2768BE71}.Release|Any CPU.Build.0 = Release|Any CPU
		{2E3E4130-E54C-46D7-B77C-CA9D2768BE71}.Release|x86.ActiveCfg = Release|Any CPU
		{2E3E4130-E54C-46D7-B77C-CA9D2768BE71}.Release|x86.Build.0 = Release|Any CPU
		{48926FF2-7ED7-4E79-B17C-2634A36604E6}.Debug|Any CPU.ActiveCfg = Debug|Any CPU
		{48926FF2-7ED7-4E79-B17C-2634A36604E6}.Debug|Any CPU.Build.0 = Debug|Any CPU
		{48926FF2-7ED7-4E79-B17C-2634A36604E6}.Debug|x86.ActiveCfg = Debug|Any CPU
		{48926FF2-7ED7-4E79-B17C-2634A36604E6}.Debug|x86.Build.0 = Debug|Any CPU
		{48926FF2-7ED7-4E79-B17C-2634A36604E6}.Release|Any CPU.ActiveCfg = Release|Any CPU
		{48926FF2-7ED7-4E79-B17C-2634A36604E6}.Release|Any CPU.Build.0 = Release|Any CPU
		{48926FF2-7ED7-4E79-B17C-2634A36604E6}.Release|x86.ActiveCfg = Release|Any CPU
		{48926FF2-7ED7-4E79-B17C-2634A36604E6}.Release|x86.Build.0 = Release|Any CPU
	EndGlobalSection
	GlobalSection(SolutionProperties) = preSolution
		HideSolutionNode = FALSE
	EndGlobalSection
	GlobalSection(ExtensibilityGlobals) = postSolution
		SolutionGuid = {AEE91BF6-958C-4E96-8628-BF7E9CBAE2CF}
	EndGlobalSection
EndGlobal
